{
  "requires": true,
  "lockfileVersion": 1,
  "dependencies": {
    "click": {
      "version": "0.1.0",
      "resolved": "https://registry.npmjs.org/click/-/click-0.1.0.tgz",
      "integrity": "sha1-XsRisi9er4q8uYjFHAAHx7ON6Zo="
    },
    "pandas": {
      "version": "0.0.3",
      "resolved": "https://registry.npmjs.org/pandas/-/pandas-0.0.3.tgz",
      "integrity": "sha1-KhGwIHTw/8wHKccyNVcuWtuw8fc="
    }
  }
}
